
Microsoft Visual Studio Solution File, Format Version 12.00
# Visual Studio Version 17
VisualStudioVersion = 17.0.32014.148
MinimumVisualStudioVersion = 10.0.40219.1
Project("{FAE04EC0-301F-11D3-BF4B-00C04F79EFBC}") = "narcos", "narcos.csproj", "{D2E0E506-16F7-4295-B254-AD5814026520}"
EndProject
Global
	GlobalSection(SolutionConfigurationPlatforms) = preSolution
		Debug|Any CPU = Debug|Any CPU
		Release|Any CPU = Release|Any CPU
	EndGlobalSection
	GlobalSection(ProjectConfigurationPlatforms) = postSolution
		{D2E0E506-16F7-4295-B254-AD5814026520}.Debug|Any CPU.ActiveCfg = Debug|Any CPU
		{D2E0E506-16F7-4295-B254-AD5814026520}.Debug|Any CPU.Build.0 = Debug|Any CPU
		{D2E0E506-16F7-4295-B254-AD5814026520}.Release|Any CPU.ActiveCfg = Release|Any CPU
		{D2E0E506-16F7-4295-B254-AD5814026520}.Release|Any CPU.Build.0 = Release|Any CPU
	EndGlobalSection
	GlobalSection(SolutionProperties) = preSolution
		HideSolutionNode = FALSE
	EndGlobalSection
	GlobalSection(ExtensibilityGlobals) = postSolution
		SolutionGuid = {FA2A1C4B-437E-4759-8B51-FB7F6980B44E}
	EndGlobalSection
EndGlobal
